
Microsoft Visual Studio Solution File, Format Version 12.00
# Visual Studio 2013
VisualStudioVersion = 12.0.40629.0
MinimumVisualStudioVersion = 10.0.40219.1
Project("{8BC9CEB8-8B4A-11D0-8D11-00A0C91BC942}") = "CourseWorkTanks", "CourseWorkTanks\CourseWorkTanks.vcxproj", "{5B5B8D90-1A66-45B5-A5F5-CF03F56C45E8}"
EndProject
Global
	GlobalSection(SolutionConfigurationPlatforms) = preSolution
		Debug|Win32 = Debug|Win32
		Release|Win32 = Release|Win32
	EndGlobalSection
	GlobalSection(ProjectConfigurationPlatforms) = postSolution
		{5B5B8D90-1A66-45B5-A5F5-CF03F56C45E8}.Debug|Win32.ActiveCfg = Debug|Win32
		{5B5B8D90-1A66-45B5-A5F5-CF03F56C45E8}.Debug|Win32.Build.0 = Debug|Win32
		{5B5B8D90-1A66-45B5-A5F5-CF03F56C45E8}.Release|Win32.ActiveCfg = Release|Win32
		{5B5B8D90-1A66-45B5-A5F5-CF03F56C45E8}.Release|Win32.Build.0 = Release|Win32
	EndGlobalSection
	GlobalSection(SolutionProperties) = preSolution
		HideSolutionNode = FALSE
	EndGlobalSection
EndGlobal
